
Microsoft Visual Studio Solution File, Format Version 12.00
# Visual Studio 15
VisualStudioVersion = 15.0.27703.2047
MinimumVisualStudioVersion = 10.0.40219.1
Project("{8BC9CEB8-8B4A-11D0-8D11-00A0C91BC942}") = "SingletonPattern", "SingletonPattern\SingletonPattern.vcxproj", "{FF863DA8-5B4B-4070-8C21-5DB77A36E833}"
EndProject
Global
	GlobalSection(SolutionConfigurationPlatforms) = preSolution
		Debug|x64 = Debug|x64
		Debug|x86 = Debug|x86
		Release|x64 = Release|x64
		Release|x86 = Release|x86
	EndGlobalSection
	GlobalSection(ProjectConfigurationPlatforms) = postSolution
		{FF863DA8-5B4B-4070-8C21-5DB77A36E833}.Debug|x64.ActiveCfg = Debug|x64
		{FF863DA8-5B4B-4070-8C21-5DB77A36E833}.Debug|x64.Build.0 = Debug|x64
		{FF863DA8-5B4B-4070-8C21-5DB77A36E833}.Debug|x86.ActiveCfg = Debug|Win32
		{FF863DA8-5B4B-4070-8C21-5DB77A36E833}.Debug|x86.Build.0 = Debug|Win32
		{FF863DA8-5B4B-4070-8C21-5DB77A36E833}.Release|x64.ActiveCfg = Release|x64
		{FF863DA8-5B4B-4070-8C21-5DB77A36E833}.Release|x64.Build.0 = Release|x64
		{FF863DA8-5B4B-4070-8C21-5DB77A36E833}.Release|x86.ActiveCfg = Release|Win32
		{FF863DA8-5B4B-4070-8C21-5DB77A36E833}.Release|x86.Build.0 = Release|Win32
	EndGlobalSection
	GlobalSection(SolutionProperties) = preSolution
		HideSolutionNode = FALSE
	EndGlobalSection
	GlobalSection(ExtensibilityGlobals) = postSolution
		SolutionGuid = {C74C7AFD-6956-4029-8957-F9DD54327E23}
	EndGlobalSection
EndGlobal
