
Microsoft Visual Studio Solution File, Format Version 12.00
# Visual Studio 15
VisualStudioVersion = 15.0.27703.2035
MinimumVisualStudioVersion = 10.0.40219.1
Project("{8BC9CEB8-8B4A-11D0-8D11-00A0C91BC942}") = "SimpleFactory", "SimpleFactory\SimpleFactory.vcxproj", "{EF225F0F-1669-4A83-A76D-5FC35B6C1B2E}"
EndProject
Global
	GlobalSection(SolutionConfigurationPlatforms) = preSolution
		Debug|x64 = Debug|x64
		Debug|x86 = Debug|x86
		Release|x64 = Release|x64
		Release|x86 = Release|x86
	EndGlobalSection
	GlobalSection(ProjectConfigurationPlatforms) = postSolution
		{EF225F0F-1669-4A83-A76D-5FC35B6C1B2E}.Debug|x64.ActiveCfg = Debug|x64
		{EF225F0F-1669-4A83-A76D-5FC35B6C1B2E}.Debug|x64.Build.0 = Debug|x64
		{EF225F0F-1669-4A83-A76D-5FC35B6C1B2E}.Debug|x86.ActiveCfg = Debug|Win32
		{EF225F0F-1669-4A83-A76D-5FC35B6C1B2E}.Debug|x86.Build.0 = Debug|Win32
		{EF225F0F-1669-4A83-A76D-5FC35B6C1B2E}.Release|x64.ActiveCfg = Release|x64
		{EF225F0F-1669-4A83-A76D-5FC35B6C1B2E}.Release|x64.Build.0 = Release|x64
		{EF225F0F-1669-4A83-A76D-5FC35B6C1B2E}.Release|x86.ActiveCfg = Release|Win32
		{EF225F0F-1669-4A83-A76D-5FC35B6C1B2E}.Release|x86.Build.0 = Release|Win32
	EndGlobalSection
	GlobalSection(SolutionProperties) = preSolution
		HideSolutionNode = FALSE
	EndGlobalSection
	GlobalSection(ExtensibilityGlobals) = postSolution
		SolutionGuid = {E78ECEA3-39A9-403D-8CBD-99F6349E6EB2}
	EndGlobalSection
EndGlobal
