
Microsoft Visual Studio Solution File, Format Version 12.00
# Visual Studio 15
VisualStudioVersion = 15.0.28010.0
MinimumVisualStudioVersion = 10.0.40219.1
Project("{8BC9CEB8-8B4A-11D0-8D11-00A0C91BC942}") = "ProxyPattern", "ProxyPattern\ProxyPattern.vcxproj", "{FC755D6B-43AA-4E8D-9254-F2653DD061AF}"
EndProject
Global
	GlobalSection(SolutionConfigurationPlatforms) = preSolution
		Debug|x64 = Debug|x64
		Debug|x86 = Debug|x86
		Release|x64 = Release|x64
		Release|x86 = Release|x86
	EndGlobalSection
	GlobalSection(ProjectConfigurationPlatforms) = postSolution
		{FC755D6B-43AA-4E8D-9254-F2653DD061AF}.Debug|x64.ActiveCfg = Debug|x64
		{FC755D6B-43AA-4E8D-9254-F2653DD061AF}.Debug|x64.Build.0 = Debug|x64
		{FC755D6B-43AA-4E8D-9254-F2653DD061AF}.Debug|x86.ActiveCfg = Debug|Win32
		{FC755D6B-43AA-4E8D-9254-F2653DD061AF}.Debug|x86.Build.0 = Debug|Win32
		{FC755D6B-43AA-4E8D-9254-F2653DD061AF}.Release|x64.ActiveCfg = Release|x64
		{FC755D6B-43AA-4E8D-9254-F2653DD061AF}.Release|x64.Build.0 = Release|x64
		{FC755D6B-43AA-4E8D-9254-F2653DD061AF}.Release|x86.ActiveCfg = Release|Win32
		{FC755D6B-43AA-4E8D-9254-F2653DD061AF}.Release|x86.Build.0 = Release|Win32
	EndGlobalSection
	GlobalSection(SolutionProperties) = preSolution
		HideSolutionNode = FALSE
	EndGlobalSection
	GlobalSection(ExtensibilityGlobals) = postSolution
		SolutionGuid = {7A6F3130-3343-42CE-A2A7-61F9CB5152BD}
	EndGlobalSection
EndGlobal
