
Microsoft Visual Studio Solution File, Format Version 12.00
# Visual Studio 15
VisualStudioVersion = 15.0.27703.2047
MinimumVisualStudioVersion = 10.0.40219.1
Project("{8BC9CEB8-8B4A-11D0-8D11-00A0C91BC942}") = "DecoratorPattern", "DecoratorPattern\DecoratorPattern.vcxproj", "{FCA131F2-40F4-4FB7-8BD6-52C0AEBF11DD}"
EndProject
Global
	GlobalSection(SolutionConfigurationPlatforms) = preSolution
		Debug|x64 = Debug|x64
		Debug|x86 = Debug|x86
		Release|x64 = Release|x64
		Release|x86 = Release|x86
	EndGlobalSection
	GlobalSection(ProjectConfigurationPlatforms) = postSolution
		{FCA131F2-40F4-4FB7-8BD6-52C0AEBF11DD}.Debug|x64.ActiveCfg = Debug|x64
		{FCA131F2-40F4-4FB7-8BD6-52C0AEBF11DD}.Debug|x64.Build.0 = Debug|x64
		{FCA131F2-40F4-4FB7-8BD6-52C0AEBF11DD}.Debug|x86.ActiveCfg = Debug|Win32
		{FCA131F2-40F4-4FB7-8BD6-52C0AEBF11DD}.Debug|x86.Build.0 = Debug|Win32
		{FCA131F2-40F4-4FB7-8BD6-52C0AEBF11DD}.Release|x64.ActiveCfg = Release|x64
		{FCA131F2-40F4-4FB7-8BD6-52C0AEBF11DD}.Release|x64.Build.0 = Release|x64
		{FCA131F2-40F4-4FB7-8BD6-52C0AEBF11DD}.Release|x86.ActiveCfg = Release|Win32
		{FCA131F2-40F4-4FB7-8BD6-52C0AEBF11DD}.Release|x86.Build.0 = Release|Win32
	EndGlobalSection
	GlobalSection(SolutionProperties) = preSolution
		HideSolutionNode = FALSE
	EndGlobalSection
	GlobalSection(ExtensibilityGlobals) = postSolution
		SolutionGuid = {4B54316D-554B-46E2-8423-125ED819DA89}
	EndGlobalSection
EndGlobal
